
Microsoft Visual Studio Solution File, Format Version 12.00
# Visual Studio 14
VisualStudioVersion = 14.0.23107.0
MinimumVisualStudioVersion = 10.0.40219.1
Project("{FAE04EC0-301F-11D3-BF4B-00C04F79EFBC}") = "BareBonesTest", "BareBonesTest\BareBonesTest.csproj", "{61AACFD0-FEB0-4F96-95F1-B73BC51D64D4}"
EndProject
Project("{FAE04EC0-301F-11D3-BF4B-00C04F79EFBC}") = "BareBonesTest.Core", "BareBonesTest.Core\BareBonesTest.Core.csproj", "{AA3FE3F1-E4CC-42C2-82AF-78B179A74E39}"
EndProject
Project("{FAE04EC0-301F-11D3-BF4B-00C04F79EFBC}") = "BareBonesTest.Runners", "BareBonesTest.Runners\BareBonesTest.Runners.csproj", "{3D31B0EB-CC7C-4582-BC0B-F6A452A1C496}"
EndProject
Global
	GlobalSection(SolutionConfigurationPlatforms) = preSolution
		Debug|Any CPU = Debug|Any CPU
		Release|Any CPU = Release|Any CPU
	EndGlobalSection
	GlobalSection(ProjectConfigurationPlatforms) = postSolution
		{61AACFD0-FEB0-4F96-95F1-B73BC51D64D4}.Debug|Any CPU.ActiveCfg = Debug|Any CPU
		{61AACFD0-FEB0-4F96-95F1-B73BC51D64D4}.Debug|Any CPU.Build.0 = Debug|Any CPU
		{61AACFD0-FEB0-4F96-95F1-B73BC51D64D4}.Release|Any CPU.ActiveCfg = Release|Any CPU
		{61AACFD0-FEB0-4F96-95F1-B73BC51D64D4}.Release|Any CPU.Build.0 = Release|Any CPU
		{AA3FE3F1-E4CC-42C2-82AF-78B179A74E39}.Debug|Any CPU.ActiveCfg = Debug|Any CPU
		{AA3FE3F1-E4CC-42C2-82AF-78B179A74E39}.Debug|Any CPU.Build.0 = Debug|Any CPU
		{AA3FE3F1-E4CC-42C2-82AF-78B179A74E39}.Release|Any CPU.ActiveCfg = Release|Any CPU
		{AA3FE3F1-E4CC-42C2-82AF-78B179A74E39}.Release|Any CPU.Build.0 = Release|Any CPU
		{3D31B0EB-CC7C-4582-BC0B-F6A452A1C496}.Debug|Any CPU.ActiveCfg = Debug|Any CPU
		{3D31B0EB-CC7C-4582-BC0B-F6A452A1C496}.Debug|Any CPU.Build.0 = Debug|Any CPU
		{3D31B0EB-CC7C-4582-BC0B-F6A452A1C496}.Release|Any CPU.ActiveCfg = Release|Any CPU
		{3D31B0EB-CC7C-4582-BC0B-F6A452A1C496}.Release|Any CPU.Build.0 = Release|Any CPU
	EndGlobalSection
	GlobalSection(SolutionProperties) = preSolution
		HideSolutionNode = FALSE
	EndGlobalSection
EndGlobal
